
Microsoft Visual Studio Solution File, Format Version 12.00
# Visual Studio Version 16
VisualStudioVersion = 25.0.1706.0
MinimumVisualStudioVersion = 10.0.40219.1
Project("{FAE04EC0-301F-11D3-BF4B-00C04F79EFBC}") = "HelloWorld", "HelloWorld.csproj", "{0367053D-F70A-44F5-873C-66C582E9993D}"
EndProject
Global
	GlobalSection(SolutionConfigurationPlatforms) = preSolution
		Debug|Any CPU = Debug|Any CPU
		Release|Any CPU = Release|Any CPU
	EndGlobalSection
	GlobalSection(ProjectConfigurationPlatforms) = postSolution
		{0367053D-F70A-44F5-873C-66C582E9993D}.Debug|Any CPU.ActiveCfg = Debug|Any CPU
		{0367053D-F70A-44F5-873C-66C582E9993D}.Debug|Any CPU.Build.0 = Debug|Any CPU
		{0367053D-F70A-44F5-873C-66C582E9993D}.Release|Any CPU.ActiveCfg = Release|Any CPU
		{0367053D-F70A-44F5-873C-66C582E9993D}.Release|Any CPU.Build.0 = Release|Any CPU
	EndGlobalSection
	GlobalSection(SolutionProperties) = preSolution
		HideSolutionNode = FALSE
	EndGlobalSection
	GlobalSection(ExtensibilityGlobals) = postSolution
		SolutionGuid = {91CC34D1-6D74-4E80-AE50-FEE4CD5CD1D5}
	EndGlobalSection
EndGlobal
